
Microsoft Visual Studio Solution File, Format Version 12.00
# Visual Studio Version 17
VisualStudioVersion = 17.1.32407.343
MinimumVisualStudioVersion = 10.0.40219.1
Project("{2150E333-8FDC-42A3-9474-1A3956D46DE8}") = "src", "src", "{3B1444E7-4308-45DA-86C7-81E09E9DEBD7}"
EndProject
Project("{2150E333-8FDC-42A3-9474-1A3956D46DE8}") = "Solution Items", "Solution Items", "{4A7478FE-7DC4-4340-BFBE-5462BCD7D82D}"
	ProjectSection(SolutionItems) = preProject
		.editorconfig = .editorconfig
		.gitignore = .gitignore
		LICENSE = LICENSE
		README.md = README.md
		Roadmap.md = Roadmap.md
	EndProjectSection
EndProject
Project("{9A19103F-16F7-4668-BE54-9A1E7A4F7556}") = "ACME.Protocol", "src\ACME.Protocol\ACME.Protocol.csproj", "{0E51E6DC-982B-4900-A4C9-A88ECE57E4C6}"
EndProject
Project("{9A19103F-16F7-4668-BE54-9A1E7A4F7556}") = "ACME.Protocol.Abstractions", "src\ACME.Protocol.Abstractions\ACME.Protocol.Abstractions.csproj", "{AAD7979C-CC3A-4512-9728-C9E80980BB71}"
EndProject
Project("{9A19103F-16F7-4668-BE54-9A1E7A4F7556}") = "ACME.Protocol.Model", "src\ACME.Protocol.Model\ACME.Protocol.Model.csproj", "{58E5F92D-2C7B-436F-8B16-480145F21BE2}"
EndProject
Project("{9A19103F-16F7-4668-BE54-9A1E7A4F7556}") = "ACME.Server", "src\ACME.Server\ACME.Server.csproj", "{F65FE286-5660-49EE-9F8E-CC288CEABCE3}"
EndProject
Project("{9A19103F-16F7-4668-BE54-9A1E7A4F7556}") = "ACME.Storage.FileStore", "src\ACME.Storage.FileStore\ACME.Storage.FileStore.csproj", "{BEC0580D-73D7-41BC-AF14-914ACC058C59}"
EndProject
Project("{2150E333-8FDC-42A3-9474-1A3956D46DE8}") = "tests", "tests", "{BAA3E0B5-B4E7-4709-89ED-DC3749015720}"
EndProject
Project("{9A19103F-16F7-4668-BE54-9A1E7A4F7556}") = "ACME.Protocol.Model.Tests", "tests\ACME.Protocol.Model.Tests\ACME.Protocol.Model.Tests.csproj", "{A1DEDC6A-FCA5-4667-A887-0324A77959FE}"
EndProject
Project("{9A19103F-16F7-4668-BE54-9A1E7A4F7556}") = "ACME.CertProvider.ADCS.Tests.Manual", "tests\ACME.CertProvider.ADCS.Tests.Manual\ACME.CertProvider.ADCS.Tests.Manual.csproj", "{05E95EAE-F00E-4A41-A2D2-76FCDE5F310B}"
EndProject
Project("{9A19103F-16F7-4668-BE54-9A1E7A4F7556}") = "ACME.CertProvider.ADCS", "src\ACME.CertProvider.ADCS\ACME.CertProvider.ADCS.csproj", "{E1B2FD6D-4C60-49AE-A88F-A34532158084}"
EndProject
Project("{9A19103F-16F7-4668-BE54-9A1E7A4F7556}") = "ACME.Server.ADCS", "src\ACME.Server.ADCS\ACME.Server.ADCS.csproj", "{C344EDD7-1199-4DFD-A8CB-32D69D2A76A3}"
EndProject
Project("{FAE04EC0-301F-11D3-BF4B-00C04F79EFBC}") = "ACME.CertProvider.ADCS.Tests", "tests\ACME.CertProvider.ADCS.Tests\ACME.CertProvider.ADCS.Tests.csproj", "{5A874E7D-EEB0-42A1-9027-0EBB2A837F01}"
EndProject
Global
	GlobalSection(SolutionConfigurationPlatforms) = preSolution
		Debug|Any CPU = Debug|Any CPU
		Release|Any CPU = Release|Any CPU
	EndGlobalSection
	GlobalSection(ProjectConfigurationPlatforms) = postSolution
		{0E51E6DC-982B-4900-A4C9-A88ECE57E4C6}.Debug|Any CPU.ActiveCfg = Debug|Any CPU
		{0E51E6DC-982B-4900-A4C9-A88ECE57E4C6}.Debug|Any CPU.Build.0 = Debug|Any CPU
		{0E51E6DC-982B-4900-A4C9-A88ECE57E4C6}.Release|Any CPU.ActiveCfg = Release|Any CPU
		{0E51E6DC-982B-4900-A4C9-A88ECE57E4C6}.Release|Any CPU.Build.0 = Release|Any CPU
		{AAD7979C-CC3A-4512-9728-C9E80980BB71}.Debug|Any CPU.ActiveCfg = Debug|Any CPU
		{AAD7979C-CC3A-4512-9728-C9E80980BB71}.Debug|Any CPU.Build.0 = Debug|Any CPU
		{AAD7979C-CC3A-4512-9728-C9E80980BB71}.Release|Any CPU.ActiveCfg = Release|Any CPU
		{AAD7979C-CC3A-4512-9728-C9E80980BB71}.Release|Any CPU.Build.0 = Release|Any CPU
		{58E5F92D-2C7B-436F-8B16-480145F21BE2}.Debug|Any CPU.ActiveCfg = Debug|Any CPU
		{58E5F92D-2C7B-436F-8B16-480145F21BE2}.Debug|Any CPU.Build.0 = Debug|Any CPU
		{58E5F92D-2C7B-436F-8B16-480145F21BE2}.Release|Any CPU.ActiveCfg = Release|Any CPU
		{58E5F92D-2C7B-436F-8B16-480145F21BE2}.Release|Any CPU.Build.0 = Release|Any CPU
		{F65FE286-5660-49EE-9F8E-CC288CEABCE3}.Debug|Any CPU.ActiveCfg = Debug|Any CPU
		{F65FE286-5660-49EE-9F8E-CC288CEABCE3}.Debug|Any CPU.Build.0 = Debug|Any CPU
		{F65FE286-5660-49EE-9F8E-CC288CEABCE3}.Release|Any CPU.ActiveCfg = Release|Any CPU
		{F65FE286-5660-49EE-9F8E-CC288CEABCE3}.Release|Any CPU.Build.0 = Release|Any CPU
		{BEC0580D-73D7-41BC-AF14-914ACC058C59}.Debug|Any CPU.ActiveCfg = Debug|Any CPU
		{BEC0580D-73D7-41BC-AF14-914ACC058C59}.Debug|Any CPU.Build.0 = Debug|Any CPU
		{BEC0580D-73D7-41BC-AF14-914ACC058C59}.Release|Any CPU.ActiveCfg = Release|Any CPU
		{BEC0580D-73D7-41BC-AF14-914ACC058C59}.Release|Any CPU.Build.0 = Release|Any CPU
		{A1DEDC6A-FCA5-4667-A887-0324A77959FE}.Debug|Any CPU.ActiveCfg = Debug|Any CPU
		{A1DEDC6A-FCA5-4667-A887-0324A77959FE}.Debug|Any CPU.Build.0 = Debug|Any CPU
		{A1DEDC6A-FCA5-4667-A887-0324A77959FE}.Release|Any CPU.ActiveCfg = Release|Any CPU
		{A1DEDC6A-FCA5-4667-A887-0324A77959FE}.Release|Any CPU.Build.0 = Release|Any CPU
		{05E95EAE-F00E-4A41-A2D2-76FCDE5F310B}.Debug|Any CPU.ActiveCfg = Debug|Any CPU
		{05E95EAE-F00E-4A41-A2D2-76FCDE5F310B}.Debug|Any CPU.Build.0 = Debug|Any CPU
		{05E95EAE-F00E-4A41-A2D2-76FCDE5F310B}.Release|Any CPU.ActiveCfg = Release|Any CPU
		{05E95EAE-F00E-4A41-A2D2-76FCDE5F310B}.Release|Any CPU.Build.0 = Release|Any CPU
		{E1B2FD6D-4C60-49AE-A88F-A34532158084}.Debug|Any CPU.ActiveCfg = Debug|Any CPU
		{E1B2FD6D-4C60-49AE-A88F-A34532158084}.Debug|Any CPU.Build.0 = Debug|Any CPU
		{E1B2FD6D-4C60-49AE-A88F-A34532158084}.Release|Any CPU.ActiveCfg = Release|Any CPU
		{E1B2FD6D-4C60-49AE-A88F-A34532158084}.Release|Any CPU.Build.0 = Release|Any CPU
		{C344EDD7-1199-4DFD-A8CB-32D69D2A76A3}.Debug|Any CPU.ActiveCfg = Debug|Any CPU
		{C344EDD7-1199-4DFD-A8CB-32D69D2A76A3}.Debug|Any CPU.Build.0 = Debug|Any CPU
		{C344EDD7-1199-4DFD-A8CB-32D69D2A76A3}.Release|Any CPU.ActiveCfg = Release|Any CPU
		{C344EDD7-1199-4DFD-A8CB-32D69D2A76A3}.Release|Any CPU.Build.0 = Release|Any CPU
		{5A874E7D-EEB0-42A1-9027-0EBB2A837F01}.Debug|Any CPU.ActiveCfg = Debug|Any CPU
		{5A874E7D-EEB0-42A1-9027-0EBB2A837F01}.Debug|Any CPU.Build.0 = Debug|Any CPU
		{5A874E7D-EEB0-42A1-9027-0EBB2A837F01}.Release|Any CPU.ActiveCfg = Release|Any CPU
		{5A874E7D-EEB0-42A1-9027-0EBB2A837F01}.Release|Any CPU.Build.0 = Release|Any CPU
	EndGlobalSection
	GlobalSection(SolutionProperties) = preSolution
		HideSolutionNode = FALSE
	EndGlobalSection
	GlobalSection(NestedProjects) = preSolution
		{0E51E6DC-982B-4900-A4C9-A88ECE57E4C6} = {3B1444E7-4308-45DA-86C7-81E09E9DEBD7}
		{AAD7979C-CC3A-4512-9728-C9E80980BB71} = {3B1444E7-4308-45DA-86C7-81E09E9DEBD7}
		{58E5F92D-2C7B-436F-8B16-480145F21BE2} = {3B1444E7-4308-45DA-86C7-81E09E9DEBD7}
		{F65FE286-5660-49EE-9F8E-CC288CEABCE3} = {3B1444E7-4308-45DA-86C7-81E09E9DEBD7}
		{BEC0580D-73D7-41BC-AF14-914ACC058C59} = {3B1444E7-4308-45DA-86C7-81E09E9DEBD7}
		{A1DEDC6A-FCA5-4667-A887-0324A77959FE} = {BAA3E0B5-B4E7-4709-89ED-DC3749015720}
		{05E95EAE-F00E-4A41-A2D2-76FCDE5F310B} = {BAA3E0B5-B4E7-4709-89ED-DC3749015720}
		{E1B2FD6D-4C60-49AE-A88F-A34532158084} = {3B1444E7-4308-45DA-86C7-81E09E9DEBD7}
		{C344EDD7-1199-4DFD-A8CB-32D69D2A76A3} = {3B1444E7-4308-45DA-86C7-81E09E9DEBD7}
		{5A874E7D-EEB0-42A1-9027-0EBB2A837F01} = {BAA3E0B5-B4E7-4709-89ED-DC3749015720}
	EndGlobalSection
	GlobalSection(ExtensibilityGlobals) = postSolution
		SolutionGuid = {330785C1-6C3F-413B-9FF2-3AEAB1B70379}
	EndGlobalSection
EndGlobal
