
Microsoft Visual Studio Solution File, Format Version 12.00
# Visual Studio Version 17
VisualStudioVersion = 17.1.32407.343
MinimumVisualStudioVersion = 10.0.40219.1
Project("{2150E333-8FDC-42A3-9474-1A3956D46DE8}") = "src", "src", "{3B1444E7-4308-45DA-86C7-81E09E9DEBD7}"
EndProject
Project("{2150E333-8FDC-42A3-9474-1A3956D46DE8}") = "Solution Items", "Solution Items", "{4A7478FE-7DC4-4340-BFBE-5462BCD7D82D}"
	ProjectSection(SolutionItems) = preProject
		.editorconfig = .editorconfig
		.gitignore = .gitignore
		LICENSE = LICENSE
		README.md = README.md
		Roadmap.md = Roadmap.md
	EndProjectSection
EndProject
Project("{2150E333-8FDC-42A3-9474-1A3956D46DE8}") = "tests", "tests", "{BAA3E0B5-B4E7-4709-89ED-DC3749015720}"
EndProject
Project("{9A19103F-16F7-4668-BE54-9A1E7A4F7556}") = "ACME.Protocol.Model.Tests", "tests\ACME.Protocol.Model.Tests\ACME.Protocol.Model.Tests.csproj", "{A1DEDC6A-FCA5-4667-A887-0324A77959FE}"
EndProject
Project("{9A19103F-16F7-4668-BE54-9A1E7A4F7556}") = "ACME.CertProvider.ADCS.Tests.Manual", "tests\ACME.CertProvider.ADCS.Tests.Manual\ACME.CertProvider.ADCS.Tests.Manual.csproj", "{05E95EAE-F00E-4A41-A2D2-76FCDE5F310B}"
EndProject
Project("{9A19103F-16F7-4668-BE54-9A1E7A4F7556}") = "ACME.CertProvider.ADCS.Tests", "tests\ACME.CertProvider.ADCS.Tests\ACME.CertProvider.ADCS.Tests.csproj", "{5A874E7D-EEB0-42A1-9027-0EBB2A837F01}"
EndProject
Project("{9A19103F-16F7-4668-BE54-9A1E7A4F7556}") = "ACMEServer.Model", "src\ACMEServer.Model\ACMEServer.Model.csproj", "{60ADD01D-3537-4877-8784-1D12CEB8FA3C}"
EndProject
Project("{9A19103F-16F7-4668-BE54-9A1E7A4F7556}") = "ACMEServer.HttpModel", "src\ACMEServer.HttpModel\ACMEServer.HttpModel.csproj", "{34DD8D83-79DD-42A6-ADEE-B36BFAC7222C}"
EndProject
Project("{9A19103F-16F7-4668-BE54-9A1E7A4F7556}") = "ACMEServer", "src\ACMEServer\ACMEServer.csproj", "{FCF81EAF-2005-41D4-8D6B-755D5487EFE1}"
EndProject
Project("{9A19103F-16F7-4668-BE54-9A1E7A4F7556}") = "ACMEServer.CertProvider.ADCS", "src\ACMEServer.CertProvider.ADCS\ACMEServer.CertProvider.ADCS.csproj", "{1DA31277-CFA1-4675-9AAD-B069EF12388F}"
EndProject
Project("{9A19103F-16F7-4668-BE54-9A1E7A4F7556}") = "ACMEServer.Storage.FileSystem", "src\ACMEServer.Storage.FileSystem\ACMEServer.Storage.FileSystem.csproj", "{CB2BE4CD-B21A-414D-8D84-8E28E7C78794}"
EndProject
Project("{9A19103F-16F7-4668-BE54-9A1E7A4F7556}") = "ACMEServer.ADCS", "src\ACMEServer.ADCS\ACMEServer.ADCS.csproj", "{EB0AE32D-BD95-4B3D-BD02-5F6B59AB6C94}"
EndProject
Project("{FAE04EC0-301F-11D3-BF4B-00C04F79EFBC}") = "ACMEServer.Storage", "src\ACMEServer.Storage\ACMEServer.Storage.csproj", "{1EFA65FF-A62A-4F92-B06C-34802B46D677}"
EndProject
Project("{FAE04EC0-301F-11D3-BF4B-00C04F79EFBC}") = "ACMEServer.Tests", "tests\ACMEServer.Tests\ACMEServer.Tests.csproj", "{10B70BB4-0C0B-48E6-B789-AEFBA9D8C1E9}"
EndProject
Project("{FAE04EC0-301F-11D3-BF4B-00C04F79EFBC}") = "ACMEServer.Abstractions", "src\ACMEServer.Abstractions\ACMEServer.Abstractions.csproj", "{1B64CA21-C91E-45DE-AAB0-0E4A7A1D1E06}"
EndProject
Project("{2150E333-8FDC-42A3-9474-1A3956D46DE8}") = "docs", "docs", "{02EA681E-C7D8-13C7-8484-4AC65E1B71E8}"
	ProjectSection(SolutionItems) = preProject
		docs\AboutDeviceAttest.md = docs\AboutDeviceAttest.md
		docs\AboutEAB.md = docs\AboutEAB.md
	EndProjectSection
EndProject
Global
	GlobalSection(SolutionConfigurationPlatforms) = preSolution
		Debug|Any CPU = Debug|Any CPU
		Release|Any CPU = Release|Any CPU
	EndGlobalSection
	GlobalSection(ProjectConfigurationPlatforms) = postSolution
		{A1DEDC6A-FCA5-4667-A887-0324A77959FE}.Debug|Any CPU.ActiveCfg = Debug|Any CPU
		{A1DEDC6A-FCA5-4667-A887-0324A77959FE}.Debug|Any CPU.Build.0 = Debug|Any CPU
		{A1DEDC6A-FCA5-4667-A887-0324A77959FE}.Release|Any CPU.ActiveCfg = Release|Any CPU
		{A1DEDC6A-FCA5-4667-A887-0324A77959FE}.Release|Any CPU.Build.0 = Release|Any CPU
		{05E95EAE-F00E-4A41-A2D2-76FCDE5F310B}.Debug|Any CPU.ActiveCfg = Debug|Any CPU
		{05E95EAE-F00E-4A41-A2D2-76FCDE5F310B}.Debug|Any CPU.Build.0 = Debug|Any CPU
		{05E95EAE-F00E-4A41-A2D2-76FCDE5F310B}.Release|Any CPU.ActiveCfg = Release|Any CPU
		{05E95EAE-F00E-4A41-A2D2-76FCDE5F310B}.Release|Any CPU.Build.0 = Release|Any CPU
		{5A874E7D-EEB0-42A1-9027-0EBB2A837F01}.Debug|Any CPU.ActiveCfg = Debug|Any CPU
		{5A874E7D-EEB0-42A1-9027-0EBB2A837F01}.Debug|Any CPU.Build.0 = Debug|Any CPU
		{5A874E7D-EEB0-42A1-9027-0EBB2A837F01}.Release|Any CPU.ActiveCfg = Release|Any CPU
		{5A874E7D-EEB0-42A1-9027-0EBB2A837F01}.Release|Any CPU.Build.0 = Release|Any CPU
		{60ADD01D-3537-4877-8784-1D12CEB8FA3C}.Debug|Any CPU.ActiveCfg = Debug|Any CPU
		{60ADD01D-3537-4877-8784-1D12CEB8FA3C}.Debug|Any CPU.Build.0 = Debug|Any CPU
		{60ADD01D-3537-4877-8784-1D12CEB8FA3C}.Release|Any CPU.ActiveCfg = Release|Any CPU
		{60ADD01D-3537-4877-8784-1D12CEB8FA3C}.Release|Any CPU.Build.0 = Release|Any CPU
		{34DD8D83-79DD-42A6-ADEE-B36BFAC7222C}.Debug|Any CPU.ActiveCfg = Debug|Any CPU
		{34DD8D83-79DD-42A6-ADEE-B36BFAC7222C}.Debug|Any CPU.Build.0 = Debug|Any CPU
		{34DD8D83-79DD-42A6-ADEE-B36BFAC7222C}.Release|Any CPU.ActiveCfg = Release|Any CPU
		{34DD8D83-79DD-42A6-ADEE-B36BFAC7222C}.Release|Any CPU.Build.0 = Release|Any CPU
		{FCF81EAF-2005-41D4-8D6B-755D5487EFE1}.Debug|Any CPU.ActiveCfg = Debug|Any CPU
		{FCF81EAF-2005-41D4-8D6B-755D5487EFE1}.Debug|Any CPU.Build.0 = Debug|Any CPU
		{FCF81EAF-2005-41D4-8D6B-755D5487EFE1}.Release|Any CPU.ActiveCfg = Release|Any CPU
		{FCF81EAF-2005-41D4-8D6B-755D5487EFE1}.Release|Any CPU.Build.0 = Release|Any CPU
		{1DA31277-CFA1-4675-9AAD-B069EF12388F}.Debug|Any CPU.ActiveCfg = Debug|Any CPU
		{1DA31277-CFA1-4675-9AAD-B069EF12388F}.Debug|Any CPU.Build.0 = Debug|Any CPU
		{1DA31277-CFA1-4675-9AAD-B069EF12388F}.Release|Any CPU.ActiveCfg = Release|Any CPU
		{1DA31277-CFA1-4675-9AAD-B069EF12388F}.Release|Any CPU.Build.0 = Release|Any CPU
		{CB2BE4CD-B21A-414D-8D84-8E28E7C78794}.Debug|Any CPU.ActiveCfg = Debug|Any CPU
		{CB2BE4CD-B21A-414D-8D84-8E28E7C78794}.Debug|Any CPU.Build.0 = Debug|Any CPU
		{CB2BE4CD-B21A-414D-8D84-8E28E7C78794}.Release|Any CPU.ActiveCfg = Release|Any CPU
		{CB2BE4CD-B21A-414D-8D84-8E28E7C78794}.Release|Any CPU.Build.0 = Release|Any CPU
		{EB0AE32D-BD95-4B3D-BD02-5F6B59AB6C94}.Debug|Any CPU.ActiveCfg = Debug|Any CPU
		{EB0AE32D-BD95-4B3D-BD02-5F6B59AB6C94}.Debug|Any CPU.Build.0 = Debug|Any CPU
		{EB0AE32D-BD95-4B3D-BD02-5F6B59AB6C94}.Release|Any CPU.ActiveCfg = Release|Any CPU
		{EB0AE32D-BD95-4B3D-BD02-5F6B59AB6C94}.Release|Any CPU.Build.0 = Release|Any CPU
		{1EFA65FF-A62A-4F92-B06C-34802B46D677}.Debug|Any CPU.ActiveCfg = Debug|Any CPU
		{1EFA65FF-A62A-4F92-B06C-34802B46D677}.Debug|Any CPU.Build.0 = Debug|Any CPU
		{1EFA65FF-A62A-4F92-B06C-34802B46D677}.Release|Any CPU.ActiveCfg = Release|Any CPU
		{1EFA65FF-A62A-4F92-B06C-34802B46D677}.Release|Any CPU.Build.0 = Release|Any CPU
		{10B70BB4-0C0B-48E6-B789-AEFBA9D8C1E9}.Debug|Any CPU.ActiveCfg = Debug|Any CPU
		{10B70BB4-0C0B-48E6-B789-AEFBA9D8C1E9}.Debug|Any CPU.Build.0 = Debug|Any CPU
		{10B70BB4-0C0B-48E6-B789-AEFBA9D8C1E9}.Release|Any CPU.ActiveCfg = Release|Any CPU
		{10B70BB4-0C0B-48E6-B789-AEFBA9D8C1E9}.Release|Any CPU.Build.0 = Release|Any CPU
		{1B64CA21-C91E-45DE-AAB0-0E4A7A1D1E06}.Debug|Any CPU.ActiveCfg = Debug|Any CPU
		{1B64CA21-C91E-45DE-AAB0-0E4A7A1D1E06}.Debug|Any CPU.Build.0 = Debug|Any CPU
		{1B64CA21-C91E-45DE-AAB0-0E4A7A1D1E06}.Release|Any CPU.ActiveCfg = Release|Any CPU
		{1B64CA21-C91E-45DE-AAB0-0E4A7A1D1E06}.Release|Any CPU.Build.0 = Release|Any CPU
	EndGlobalSection
	GlobalSection(SolutionProperties) = preSolution
		HideSolutionNode = FALSE
	EndGlobalSection
	GlobalSection(NestedProjects) = preSolution
		{A1DEDC6A-FCA5-4667-A887-0324A77959FE} = {BAA3E0B5-B4E7-4709-89ED-DC3749015720}
		{05E95EAE-F00E-4A41-A2D2-76FCDE5F310B} = {BAA3E0B5-B4E7-4709-89ED-DC3749015720}
		{5A874E7D-EEB0-42A1-9027-0EBB2A837F01} = {BAA3E0B5-B4E7-4709-89ED-DC3749015720}
		{60ADD01D-3537-4877-8784-1D12CEB8FA3C} = {3B1444E7-4308-45DA-86C7-81E09E9DEBD7}
		{34DD8D83-79DD-42A6-ADEE-B36BFAC7222C} = {3B1444E7-4308-45DA-86C7-81E09E9DEBD7}
		{FCF81EAF-2005-41D4-8D6B-755D5487EFE1} = {3B1444E7-4308-45DA-86C7-81E09E9DEBD7}
		{1DA31277-CFA1-4675-9AAD-B069EF12388F} = {3B1444E7-4308-45DA-86C7-81E09E9DEBD7}
		{CB2BE4CD-B21A-414D-8D84-8E28E7C78794} = {3B1444E7-4308-45DA-86C7-81E09E9DEBD7}
		{EB0AE32D-BD95-4B3D-BD02-5F6B59AB6C94} = {3B1444E7-4308-45DA-86C7-81E09E9DEBD7}
		{1EFA65FF-A62A-4F92-B06C-34802B46D677} = {3B1444E7-4308-45DA-86C7-81E09E9DEBD7}
		{10B70BB4-0C0B-48E6-B789-AEFBA9D8C1E9} = {BAA3E0B5-B4E7-4709-89ED-DC3749015720}
		{1B64CA21-C91E-45DE-AAB0-0E4A7A1D1E06} = {3B1444E7-4308-45DA-86C7-81E09E9DEBD7}
	EndGlobalSection
	GlobalSection(ExtensibilityGlobals) = postSolution
		SolutionGuid = {330785C1-6C3F-413B-9FF2-3AEAB1B70379}
	EndGlobalSection
EndGlobal
